<Solution>
  <Project Path="Nimbus Board/Nimbus Board.csproj" />
  <Project Path="src/NimbusBoard.Domain/NimbusBoard.Domain.csproj" />
  <Project Path="src/NimbusBoard.Application/NimbusBoard.Application.csproj" />
  <Project Path="src/NimbusBoard.Infrastructure/NimbusBoard.Infrastructure.csproj" />
  <Project Path="tests/NimbusBoard.Application.Tests/NimbusBoard.Application.Tests.csproj" />
</Solution>
